// !$*UTF8*$!
{
	archiveVersion = 1;
	classes = {
	};
	objectVersion = 46;
	objects = {

/* Begin PBXBuildFile section */
		B9AD36AC1AADA72E00460CAE /* main.m in Sources */ = {isa = PBXBuildFile; fileRef = B9AD36AB1AADA72E00460CAE /* main.m */; };
		B9AD36AF1AADA72E00460CAE /* AppDelegate.m in Sources */ = {isa = PBXBuildFile; fileRef = B9AD36AE1AADA72E00460CAE /* AppDelegate.m */; };
		B9AD36B21AADA72E00460CAE /* ViewController.m in Sources */ = {isa = PBXBuildFile; fileRef = B9AD36B11AADA72E00460CAE /* ViewController.m */; };
		B9AD36B51AADA72E00460CAE /* Main.storyboard in Resources */ = {isa = PBXBuildFile; fileRef = B9AD36B31AADA72E00460CAE /* Main.storyboard */; };
		B9AD36B71AADA72E00460CAE /* Images.xcassets in Resources */ = {isa = PBXBuildFile; fileRef = B9AD36B61AADA72E00460CAE /* Images.xcassets */; };
		B9AD36BA1AADA72E00460CAE /* LaunchScreen.xib in Resources */ = {isa = PBXBuildFile; fileRef = B9AD36B81AADA72E00460CAE /* LaunchScreen.xib */; };
		B9AD36C61AADA72F00460CAE /* PotentiometerTestAppTests.m in Sources */ = {isa = PBXBuildFile; fileRef = B9AD36C51AADA72F00460CAE /* PotentiometerTestAppTests.m */; };
		B9AD36D21AADA74600460CAE /* JGPotentiometer.m in Sources */ = {isa = PBXBuildFile; fileRef = B9AD36D11AADA74600460CAE /* JGPotentiometer.m */; };
/* End PBXBuildFile section */

/* Begin PBXContainerItemProxy section */
		B9AD36C01AADA72F00460CAE /* PBXContainerItemProxy */ = {
			isa = PBXContainerItemProxy;
			containerPortal = B9AD369E1AADA72E00460CAE /* Project object */;
			proxyType = 1;
			remoteGlobalIDString = B9AD36A51AADA72E00460CAE;
			remoteInfo = PotentiometerTestApp;
		};
/* End PBXContainerItemProxy section */

/* Begin PBXFileReference section */
		B9AD36A61AADA72E00460CAE /* PotentiometerTestApp.app */ = {isa = PBXFileReference; explicitFileType = wrapper.application; includeInIndex = 0; path = PotentiometerTestApp.app; sourceTree = BUILT_PRODUCTS_DIR; };
		B9AD36AA1AADA72E00460CAE /* Info.plist */ = {isa = PBXFileReference; lastKnownFileType = text.plist.xml; path = Info.plist; sourceTree = "<group>"; };
		B9AD36AB1AADA72E00460CAE /* main.m */ = {isa = PBXFileReference; lastKnownFileType = sourcecode.c.objc; path = main.m; sourceTree = "<group>"; };
		B9AD36AD1AADA72E00460CAE /* AppDelegate.h */ = {isa = PBXFileReference; lastKnownFileType = sourcecode.c.h; path = AppDelegate.h; sourceTree = "<group>"; };
		B9AD36AE1AADA72E00460CAE /* AppDelegate.m */ = {isa = PBXFileReference; lastKnownFileType = sourcecode.c.objc; path = AppDelegate.m; sourceTree = "<group>"; };
		B9AD36B01AADA72E00460CAE /* ViewController.h */ = {isa = PBXFileReference; lastKnownFileType = sourcecode.c.h; path = ViewController.h; sourceTree = "<group>"; };
		B9AD36B11AADA72E00460CAE /* ViewController.m */ = {isa = PBXFileReference; lastKnownFileType = sourcecode.c.objc; path = ViewController.m; sourceTree = "<group>"; };
		B9AD36B41AADA72E00460CAE /* Base */ = {isa = PBXFileReference; lastKnownFileType = file.storyboard; name = Base; path = Base.lproj/Main.storyboard; sourceTree = "<group>"; };
		B9AD36B61AADA72E00460CAE /* Images.xcassets */ = {isa = PBXFileReference; lastKnownFileType = folder.assetcatalog; path = Images.xcassets; sourceTree = "<group>"; };
		B9AD36B91AADA72E00460CAE /* Base */ = {isa = PBXFileReference; lastKnownFileType = file.xib; name = Base; path = Base.lproj/LaunchScreen.xib; sourceTree = "<group>"; };
		B9AD36BF1AADA72F00460CAE /* PotentiometerTestAppTests.xctest */ = {isa = PBXFileReference; explicitFileType = wrapper.cfbundle; includeInIndex = 0; path = PotentiometerTestAppTests.xctest; sourceTree = BUILT_PRODUCTS_DIR; };
		B9AD36C41AADA72F00460CAE /* Info.plist */ = {isa = PBXFileReference; lastKnownFileType = text.plist.xml; path = Info.plist; sourceTree = "<group>"; };
		B9AD36C51AADA72F00460CAE /* PotentiometerTestAppTests.m */ = {isa = PBXFileReference; lastKnownFileType = sourcecode.c.objc; path = PotentiometerTestAppTests.m; sourceTree = "<group>"; };
		B9AD36D01AADA74600460CAE /* JGPotentiometer.h */ = {isa = PBXFileReference; fileEncoding = 4; lastKnownFileType = sourcecode.c.h; path = JGPotentiometer.h; sourceTree = "<group>"; };
		B9AD36D11AADA74600460CAE /* JGPotentiometer.m */ = {isa = PBXFileReference; fileEncoding = 4; lastKnownFileType = sourcecode.c.objc; path = JGPotentiometer.m; sourceTree = "<group>"; };
/* End PBXFileReference section */

/* Begin PBXFrameworksBuildPhase section */
		B9AD36A31AADA72E00460CAE /* Frameworks */ = {
			isa = PBXFrameworksBuildPhase;
			buildActionMask = 2147483647;
			files = (
			);
			runOnlyForDeploymentPostprocessing = 0;
		};
		B9AD36BC1AADA72F00460CAE /* Frameworks */ = {
			isa = PBXFrameworksBuildPhase;
			buildActionMask = 2147483647;
			files = (
			);
			runOnlyForDeploymentPostprocessing = 0;
		};
/* End PBXFrameworksBuildPhase section */

/* Begin PBXGroup section */
		B9AD369D1AADA72E00460CAE = {
			isa = PBXGroup;
			children = (
				B9AD36A81AADA72E00460CAE /* PotentiometerTestApp */,
				B9AD36C21AADA72F00460CAE /* PotentiometerTestAppTests */,
				B9AD36A71AADA72E00460CAE /* Products */,
			);
			sourceTree = "<group>";
		};
		B9AD36A71AADA72E00460CAE /* Products */ = {
			isa = PBXGroup;
			children = (
				B9AD36A61AADA72E00460CAE /* PotentiometerTestApp.app */,
				B9AD36BF1AADA72F00460CAE /* PotentiometerTestAppTests.xctest */,
			);
			name = Products;
			sourceTree = "<group>";
		};
		B9AD36A81AADA72E00460CAE /* PotentiometerTestApp */ = {
			isa = PBXGroup;
			children = (
				B9AD36CF1AADA74600460CAE /* Potentiometer */,
				B9AD36AD1AADA72E00460CAE /* AppDelegate.h */,
				B9AD36AE1AADA72E00460CAE /* AppDelegate.m */,
				B9AD36B01AADA72E00460CAE /* ViewController.h */,
				B9AD36B11AADA72E00460CAE /* ViewController.m */,
				B9AD36B31AADA72E00460CAE /* Main.storyboard */,
				B9AD36B61AADA72E00460CAE /* Images.xcassets */,
				B9AD36B81AADA72E00460CAE /* LaunchScreen.xib */,
				B9AD36A91AADA72E00460CAE /* Supporting Files */,
			);
			path = PotentiometerTestApp;
			sourceTree = "<group>";
		};
		B9AD36A91AADA72E00460CAE /* Supporting Files */ = {
			isa = PBXGroup;
			children = (
				B9AD36AA1AADA72E00460CAE /* Info.plist */,
				B9AD36AB1AADA72E00460CAE /* main.m */,
			);
			name = "Supporting Files";
			sourceTree = "<group>";
		};
		B9AD36C21AADA72F00460CAE /* PotentiometerTestAppTests */ = {
			isa = PBXGroup;
			children = (
				B9AD36C51AADA72F00460CAE /* PotentiometerTestAppTests.m */,
				B9AD36C31AADA72F00460CAE /* Supporting Files */,
			);
			path = PotentiometerTestAppTests;
			sourceTree = "<group>";
		};
		B9AD36C31AADA72F00460CAE /* Supporting Files */ = {
			isa = PBXGroup;
			children = (
				B9AD36C41AADA72F00460CAE /* Info.plist */,
			);
			name = "Supporting Files";
			sourceTree = "<group>";
		};
		B9AD36CF1AADA74600460CAE /* Potentiometer */ = {
			isa = PBXGroup;
			children = (
				B9AD36D01AADA74600460CAE /* JGPotentiometer.h */,
				B9AD36D11AADA74600460CAE /* JGPotentiometer.m */,
			);
			path = Potentiometer;
			sourceTree = "<group>";
		};
/* End PBXGroup section */

/* Begin PBXNativeTarget section */
		B9AD36A51AADA72E00460CAE /* PotentiometerTestApp */ = {
			isa = PBXNativeTarget;
			buildConfigurationList = B9AD36C91AADA72F00460CAE /* Build configuration list for PBXNativeTarget "PotentiometerTestApp" */;
			buildPhases = (
				B9AD36A21AADA72E00460CAE /* Sources */,
				B9AD36A31AADA72E00460CAE /* Frameworks */,
				B9AD36A41AADA72E00460CAE /* Resources */,
			);
			buildRules = (
			);
			dependencies = (
			);
			name = PotentiometerTestApp;
			productName = PotentiometerTestApp;
			productReference = B9AD36A61AADA72E00460CAE /* PotentiometerTestApp.app */;
			productType = "com.apple.product-type.application";
		};
		B9AD36BE1AADA72F00460CAE /* PotentiometerTestAppTests */ = {
			isa = PBXNativeTarget;
			buildConfigurationList = B9AD36CC1AADA72F00460CAE /* Build configuration list for PBXNativeTarget "PotentiometerTestAppTests" */;
			buildPhases = (
				B9AD36BB1AADA72F00460CAE /* Sources */,
				B9AD36BC1AADA72F00460CAE /* Frameworks */,
				B9AD36BD1AADA72F00460CAE /* Resources */,
			);
			buildRules = (
			);
			dependencies = (
				B9AD36C11AADA72F00460CAE /* PBXTargetDependency */,
			);
			name = PotentiometerTestAppTests;
			productName = PotentiometerTestAppTests;
			productReference = B9AD36BF1AADA72F00460CAE /* PotentiometerTestAppTests.xctest */;
			productType = "com.apple.product-type.bundle.unit-test";
		};
/* End PBXNativeTarget section */

/* Begin PBXProject section */
		B9AD369E1AADA72E00460CAE /* Project object */ = {
			isa = PBXProject;
			attributes = {
				LastUpgradeCheck = 0610;
				ORGANIZATIONNAME = "Jacek Grygiel Software Engineer";
				TargetAttributes = {
					B9AD36A51AADA72E00460CAE = {
						CreatedOnToolsVersion = 6.1.1;
					};
					B9AD36BE1AADA72F00460CAE = {
						CreatedOnToolsVersion = 6.1.1;
						TestTargetID = B9AD36A51AADA72E00460CAE;
					};
				};
			};
			buildConfigurationList = B9AD36A11AADA72E00460CAE /* Build configuration list for PBXProject "PotentiometerTestApp" */;
			compatibilityVersion = "Xcode 3.2";
			developmentRegion = English;
			hasScannedForEncodings = 0;
			knownRegions = (
				en,
				Base,
			);
			mainGroup = B9AD369D1AADA72E00460CAE;
			productRefGroup = B9AD36A71AADA72E00460CAE /* Products */;
			projectDirPath = "";
			projectRoot = "";
			targets = (
				B9AD36A51AADA72E00460CAE /* PotentiometerTestApp */,
				B9AD36BE1AADA72F00460CAE /* PotentiometerTestAppTests */,
			);
		};
/* End PBXProject section */

/* Begin PBXResourcesBuildPhase section */
		B9AD36A41AADA72E00460CAE /* Resources */ = {
			isa = PBXResourcesBuildPhase;
			buildActionMask = 2147483647;
			files = (
				B9AD36B51AADA72E00460CAE /* Main.storyboard in Resources */,
				B9AD36BA1AADA72E00460CAE /* LaunchScreen.xib in Resources */,
				B9AD36B71AADA72E00460CAE /* Images.xcassets in Resources */,
			);
			runOnlyForDeploymentPostprocessing = 0;
		};
		B9AD36BD1AADA72F00460CAE /* Resources */ = {
			isa = PBXResourcesBuildPhase;
			buildActionMask = 2147483647;
			files = (
			);
			runOnlyForDeploymentPostprocessing = 0;
		};
/* End PBXResourcesBuildPhase section */

/* Begin PBXSourcesBuildPhase section */
		B9AD36A21AADA72E00460CAE /* Sources */ = {
			isa = PBXSourcesBuildPhase;
			buildActionMask = 2147483647;
			files = (
				B9AD36D21AADA74600460CAE /* JGPotentiometer.m in Sources */,
				B9AD36B21AADA72E00460CAE /* ViewController.m in Sources */,
				B9AD36AF1AADA72E00460CAE /* AppDelegate.m in Sources */,
				B9AD36AC1AADA72E00460CAE /* main.m in Sources */,
			);
			runOnlyForDeploymentPostprocessing = 0;
		};
		B9AD36BB1AADA72F00460CAE /* Sources */ = {
			isa = PBXSourcesBuildPhase;
			buildActionMask = 2147483647;
			files = (
				B9AD36C61AADA72F00460CAE /* PotentiometerTestAppTests.m in Sources */,
			);
			runOnlyForDeploymentPostprocessing = 0;
		};
/* End PBXSourcesBuildPhase section */

/* Begin PBXTargetDependency section */
		B9AD36C11AADA72F00460CAE /* PBXTargetDependency */ = {
			isa = PBXTargetDependency;
			target = B9AD36A51AADA72E00460CAE /* PotentiometerTestApp */;
			targetProxy = B9AD36C01AADA72F00460CAE /* PBXContainerItemProxy */;
		};
/* End PBXTargetDependency section */

/* Begin PBXVariantGroup section */
		B9AD36B31AADA72E00460CAE /* Main.storyboard */ = {
			isa = PBXVariantGroup;
			children = (
				B9AD36B41AADA72E00460CAE /* Base */,
			);
			name = Main.storyboard;
			sourceTree = "<group>";
		};
		B9AD36B81AADA72E00460CAE /* LaunchScreen.xib */ = {
			isa = PBXVariantGroup;
			children = (
				B9AD36B91AADA72E00460CAE /* Base */,
			);
			name = LaunchScreen.xib;
			sourceTree = "<group>";
		};
/* End PBXVariantGroup section */

/* Begin XCBuildConfiguration section */
		B9AD36C71AADA72F00460CAE /* Debug */ = {
			isa = XCBuildConfiguration;
			buildSettings = {
				ALWAYS_SEARCH_USER_PATHS = NO;
				CLANG_CXX_LANGUAGE_STANDARD = "gnu++0x";
				CLANG_CXX_LIBRARY = "libc++";
				CLANG_ENABLE_MODULES = YES;
				CLANG_ENABLE_OBJC_ARC = YES;
				CLANG_WARN_BOOL_CONVERSION = YES;
				CLANG_WARN_CONSTANT_CONVERSION = YES;
				CLANG_WARN_DIRECT_OBJC_ISA_USAGE = YES_ERROR;
				CLANG_WARN_EMPTY_BODY = YES;
				CLANG_WARN_ENUM_CONVERSION = YES;
				CLANG_WARN_INT_CONVERSION = YES;
				CLANG_WARN_OBJC_ROOT_CLASS = YES_ERROR;
				CLANG_WARN_UNREACHABLE_CODE = YES;
				CLANG_WARN__DUPLICATE_METHOD_MATCH = YES;
				"CODE_SIGN_IDENTITY[sdk=iphoneos*]" = "iPhone Developer";
				COPY_PHASE_STRIP = NO;
				ENABLE_STRICT_OBJC_MSGSEND = YES;
				GCC_C_LANGUAGE_STANDARD = gnu99;
				GCC_DYNAMIC_NO_PIC = NO;
				GCC_OPTIMIZATION_LEVEL = 0;
				GCC_PREPROCESSOR_DEFINITIONS = (
					"DEBUG=1",
					"$(inherited)",
				);
				GCC_SYMBOLS_PRIVATE_EXTERN = NO;
				GCC_WARN_64_TO_32_BIT_CONVERSION = YES;
				GCC_WARN_ABOUT_RETURN_TYPE = YES_ERROR;
				GCC_WARN_UNDECLARED_SELECTOR = YES;
				GCC_WARN_UNINITIALIZED_AUTOS = YES_AGGRESSIVE;
				GCC_WARN_UNUSED_FUNCTION = YES;
				GCC_WARN_UNUSED_VARIABLE = YES;
				IPHONEOS_DEPLOYMENT_TARGET = 8.1;
				MTL_ENABLE_DEBUG_INFO = YES;
				ONLY_ACTIVE_ARCH = YES;
				SDKROOT = iphoneos;
				TARGETED_DEVICE_FAMILY = "1,2";
			};
			name = Debug;
		};
		B9AD36C81AADA72F00460CAE /* Release */ = {
			isa = XCBuildConfiguration;
			buildSettings = {
				ALWAYS_SEARCH_USER_PATHS = NO;
				CLANG_CXX_LANGUAGE_STANDARD = "gnu++0x";
				CLANG_CXX_LIBRARY = "libc++";
				CLANG_ENABLE_MODULES = YES;
				CLANG_ENABLE_OBJC_ARC = YES;
				CLANG_WARN_BOOL_CONVERSION = YES;
				CLANG_WARN_CONSTANT_CONVERSION = YES;
				CLANG_WARN_DIRECT_OBJC_ISA_USAGE = YES_ERROR;
				CLANG_WARN_EMPTY_BODY = YES;
				CLANG_WARN_ENUM_CONVERSION = YES;
				CLANG_WARN_INT_CONVERSION = YES;
				CLANG_WARN_OBJC_ROOT_CLASS = YES_ERROR;
				CLANG_WARN_UNREACHABLE_CODE = YES;
				CLANG_WARN__DUPLICATE_METHOD_MATCH = YES;
				"CODE_SIGN_IDENTITY[sdk=iphoneos*]" = "iPhone Developer";
				COPY_PHASE_STRIP = YES;
				ENABLE_NS_ASSERTIONS = NO;
				ENABLE_STRICT_OBJC_MSGSEND = YES;
				GCC_C_LANGUAGE_STANDARD = gnu99;
				GCC_WARN_64_TO_32_BIT_CONVERSION = YES;
				GCC_WARN_ABOUT_RETURN_TYPE = YES_ERROR;
				GCC_WARN_UNDECLARED_SELECTOR = YES;
				GCC_WARN_UNINITIALIZED_AUTOS = YES_AGGRESSIVE;
				GCC_WARN_UNUSED_FUNCTION = YES;
				GCC_WARN_UNUSED_VARIABLE = YES;
				IPHONEOS_DEPLOYMENT_TARGET = 8.1;
				MTL_ENABLE_DEBUG_INFO = NO;
				SDKROOT = iphoneos;
				TARGETED_DEVICE_FAMILY = "1,2";
				VALIDATE_PRODUCT = YES;
			};
			name = Release;
		};
		B9AD36CA1AADA72F00460CAE /* Debug */ = {
			isa = XCBuildConfiguration;
			buildSettings = {
				ASSETCATALOG_COMPILER_APPICON_NAME = AppIcon;
				INFOPLIST_FILE = PotentiometerTestApp/Info.plist;
				LD_RUNPATH_SEARCH_PATHS = "$(inherited) @executable_path/Frameworks";
				PRODUCT_NAME = "$(TARGET_NAME)";
			};
			name = Debug;
		};
		B9AD36CB1AADA72F00460CAE /* Release */ = {
			isa = XCBuildConfiguration;
			buildSettings = {
				ASSETCATALOG_COMPILER_APPICON_NAME = AppIcon;
				INFOPLIST_FILE = PotentiometerTestApp/Info.plist;
				LD_RUNPATH_SEARCH_PATHS = "$(inherited) @executable_path/Frameworks";
				PRODUCT_NAME = "$(TARGET_NAME)";
			};
			name = Release;
		};
		B9AD36CD1AADA72F00460CAE /* Debug */ = {
			isa = XCBuildConfiguration;
			buildSettings = {
				BUNDLE_LOADER = "$(TEST_HOST)";
				FRAMEWORK_SEARCH_PATHS = (
					"$(SDKROOT)/Developer/Library/Frameworks",
					"$(inherited)",
				);
				GCC_PREPROCESSOR_DEFINITIONS = (
					"DEBUG=1",
					"$(inherited)",
				);
				INFOPLIST_FILE = PotentiometerTestAppTests/Info.plist;
				LD_RUNPATH_SEARCH_PATHS = "$(inherited) @executable_path/Frameworks @loader_path/Frameworks";
				PRODUCT_NAME = "$(TARGET_NAME)";
				TEST_HOST = "$(BUILT_PRODUCTS_DIR)/PotentiometerTestApp.app/PotentiometerTestApp";
			};
			name = Debug;
		};
		B9AD36CE1AADA72F00460CAE /* Release */ = {
			isa = XCBuildConfiguration;
			buildSettings = {
				BUNDLE_LOADER = "$(TEST_HOST)";
				FRAMEWORK_SEARCH_PATHS = (
					"$(SDKROOT)/Developer/Library/Frameworks",
					"$(inherited)",
				);
				INFOPLIST_FILE = PotentiometerTestAppTests/Info.plist;
				LD_RUNPATH_SEARCH_PATHS = "$(inherited) @executable_path/Frameworks @loader_path/Frameworks";
				PRODUCT_NAME = "$(TARGET_NAME)";
				TEST_HOST = "$(BUILT_PRODUCTS_DIR)/PotentiometerTestApp.app/PotentiometerTestApp";
			};
			name = Release;
		};
/* End XCBuildConfiguration section */

/* Begin XCConfigurationList section */
		B9AD36A11AADA72E00460CAE /* Build configuration list for PBXProject "PotentiometerTestApp" */ = {
			isa = XCConfigurationList;
			buildConfigurations = (
				B9AD36C71AADA72F00460CAE /* Debug */,
				B9AD36C81AADA72F00460CAE /* Release */,
			);
			defaultConfigurationIsVisible = 0;
			defaultConfigurationName = Release;
		};
		B9AD36C91AADA72F00460CAE /* Build configuration list for PBXNativeTarget "PotentiometerTestApp" */ = {
			isa = XCConfigurationList;
			buildConfigurations = (
				B9AD36CA1AADA72F00460CAE /* Debug */,
				B9AD36CB1AADA72F00460CAE /* Release */,
			);
			defaultConfigurationIsVisible = 0;
		};
		B9AD36CC1AADA72F00460CAE /* Build configuration list for PBXNativeTarget "PotentiometerTestAppTests" */ = {
			isa = XCConfigurationList;
			buildConfigurations = (
				B9AD36CD1AADA72F00460CAE /* Debug */,
				B9AD36CE1AADA72F00460CAE /* Release */,
			);
			defaultConfigurationIsVisible = 0;
		};
/* End XCConfigurationList section */
	};
	rootObject = B9AD369E1AADA72E00460CAE /* Project object */;
}
